
Microsoft Visual Studio Solution File, Format Version 12.00
# Visual Studio Version 17
VisualStudioVersion = 17.10.35013.160
MinimumVisualStudioVersion = 10.0.40219.1
Project("{FAE04EC0-301F-11D3-BF4B-00C04F79EFBC}") = "AfisolProject", "AfisolProject\AfisolProject.csproj", "{64B5A0B9-E006-4796-9938-B0A7E623BF1F}"
EndProject
Global
	GlobalSection(SolutionConfigurationPlatforms) = preSolution
		Debug|Any CPU = Debug|Any CPU
		Release|Any CPU = Release|Any CPU
	EndGlobalSection
	GlobalSection(ProjectConfigurationPlatforms) = postSolution
		{64B5A0B9-E006-4796-9938-B0A7E623BF1F}.Debug|Any CPU.ActiveCfg = Debug|Any CPU
		{64B5A0B9-E006-4796-9938-B0A7E623BF1F}.Debug|Any CPU.Build.0 = Debug|Any CPU
		{64B5A0B9-E006-4796-9938-B0A7E623BF1F}.Release|Any CPU.ActiveCfg = Release|Any CPU
		{64B5A0B9-E006-4796-9938-B0A7E623BF1F}.Release|Any CPU.Build.0 = Release|Any CPU
	EndGlobalSection
	GlobalSection(SolutionProperties) = preSolution
		HideSolutionNode = FALSE
	EndGlobalSection
	GlobalSection(ExtensibilityGlobals) = postSolution
		SolutionGuid = {A4718D15-971E-4933-8324-FB1F47A4B555}
	EndGlobalSection
EndGlobal
